{
  "requires": true,
  "lockfileVersion": 1,
  "dependencies": {
    "@jlguenego/sudoku-generator": {
      "version": "1.0.7",
      "resolved": "https://registry.npmjs.org/@jlguenego/sudoku-generator/-/sudoku-generator-1.0.7.tgz",
      "integrity": "sha512-9dUsqh6OmPIt4+rf0o13xiNSkrYKguHmsIH0BxVHQ6VhJBJitj0g148T/STWIfBZumoanLhslOpHlN9xYB4toA=="
    }
  }
}
